{
  "name": "zenn_content",
  "version": "1.0.0",
  "lockfileVersion": 3,
  "requires": true,
  "packages": {
    "": {
      "name": "zenn_content",
      "version": "1.0.0",
      "license": "ISC",
      "dependencies": {
        "punycode": "^2.3.1",
        "zenn-cli": "^0.1.153"
      }
    },
    "node_modules/punycode": {
      "version": "2.3.1",
      "resolved": "https://registry.npmjs.org/punycode/-/punycode-2.3.1.tgz",
      "integrity": "sha512-vYt7UD1U9Wg6138shLtLOvdAu+8DsC/ilFtEVHcH+wydcSpNE20AfSOduf6MkRFahL5FY7X1oU7nKVZFtfq8Fg==",
      "engines": {
        "node": ">=6"
      }
    },
    "node_modules/zenn-cli": {
      "version": "0.1.153",
      "resolved": "https://registry.npmjs.org/zenn-cli/-/zenn-cli-0.1.153.tgz",
      "integrity": "sha512-MLIdtRW2arQBuVCKlWrMF4eFZGkvmswrcc0OvgxmQs9w9/9rODfoyFK9nQQwrgyUwlxDzhUa/oAO6nks4GY5DA==",
      "bin": {
        "zenn": "dist/server/zenn.js"
      },
      "engines": {
        "node": ">=14.0.0"
      }
    }
  }
}
